
Microsoft Visual Studio Solution File, Format Version 12.00
# Visual Studio Version 17
VisualStudioVersion = 17.13.35806.99
MinimumVisualStudioVersion = 10.0.40219.1
Project("{FAE04EC0-301F-11D3-BF4B-00C04F79EFBC}") = "DevPortal", "DevPortal\DevPortal.csproj", "{DC9CEA05-7FB8-49EF-AF1B-70EECBCCA3B9}"
EndProject
Project("{2150E333-8FDC-42A3-9474-1A3956D46DE8}") = "WebAppPortal", "WebAppPortal", "{02EA681E-C7D8-13C7-8484-4AC65E1B71E8}"
EndProject
Project("{FAE04EC0-301F-11D3-BF4B-00C04F79EFBC}") = "WebAppPortalSite", "WebAppPortalSite\WebAppPortalSite.csproj", "{E3323083-7DAD-45F3-9450-A466D439A7C3}"
EndProject
Project("{FAE04EC0-301F-11D3-BF4B-00C04F79EFBC}") = "WebAppPortalApi", "WebAppPortalApi\WebAppPortalApi.csproj", "{03C83A13-6164-4A93-9392-1D3E345C0D0C}"
EndProject
Project("{2150E333-8FDC-42A3-9474-1A3956D46DE8}") = "Api", "Api", "{32D1743E-1643-4C39-BF9C-488CD274BEC4}"
EndProject
Project("{2150E333-8FDC-42A3-9474-1A3956D46DE8}") = "Site", "Site", "{A7E572E6-2FD3-4D52-BF25-8E1F08BE010A}"
EndProject
Project("{2150E333-8FDC-42A3-9474-1A3956D46DE8}") = "Common", "Common", "{E95C1999-F061-4166-B144-F9ADFED3DAFF}"
EndProject
Project("{2150E333-8FDC-42A3-9474-1A3956D46DE8}") = "Data", "Data", "{B5283C80-19BF-42FC-8DBE-E8C51721197B}"
EndProject
Project("{2150E333-8FDC-42A3-9474-1A3956D46DE8}") = "Core", "Core", "{35CFD2A6-AC2B-4216-805C-3E3F525C1933}"
EndProject
Project("{FAE04EC0-301F-11D3-BF4B-00C04F79EFBC}") = "WebAppPortalApi.Core", "WebAppPortalApi.Core\WebAppPortalApi.Core.csproj", "{405F39C8-06FB-4BF9-9BEE-C2595B818887}"
EndProject
Project("{FAE04EC0-301F-11D3-BF4B-00C04F79EFBC}") = "WebAppPortalApi.Data", "WebAppPortalApi.Data\WebAppPortalApi.Data.csproj", "{3DA87C55-68EB-45C9-8166-88E7917BCC96}"
EndProject
Project("{FAE04EC0-301F-11D3-BF4B-00C04F79EFBC}") = "WebAppPortalApi.Database", "WebAppPortalApi.Database\WebAppPortalApi.Database.csproj", "{8493FB30-F9A6-40EC-8BA5-6B41F93E93BB}"
EndProject
Project("{FAE04EC0-301F-11D3-BF4B-00C04F79EFBC}") = "WebAppPortalApi.Common", "WebAppPortalApi.Common\WebAppPortalApi.Common.csproj", "{25E602B0-09D0-4EAE-A374-FBDC670DB075}"
EndProject
Project("{2150E333-8FDC-42A3-9474-1A3956D46DE8}") = "ServiceComponents", "ServiceComponents", "{490EEC21-EEE3-42DD-9BC3-8A8EEB1D6C18}"
EndProject
Project("{FAE04EC0-301F-11D3-BF4B-00C04F79EFBC}") = "WebAppPortalApiService", "WebAppPortalApiService\WebAppPortalApiService.csproj", "{AD158D33-EF1D-49C1-AD0F-88931B61F05D}"
EndProject
Project("{2150E333-8FDC-42A3-9474-1A3956D46DE8}") = "Common", "Common", "{12A9CDC8-3262-4273-BFC0-8DB9911DC3A4}"
EndProject
Project("{FAE04EC0-301F-11D3-BF4B-00C04F79EFBC}") = "WebAppPortalSite.Common", "WebAppPortalSite.Common\WebAppPortalSite.Common.csproj", "{8C7294B6-436D-4F65-B94C-EB615E651CE8}"
EndProject
Project("{2150E333-8FDC-42A3-9474-1A3956D46DE8}") = "_Tests", "_Tests", "{CC19DDDA-F0F2-43C9-A410-5CD89525290D}"
EndProject
Project("{FAE04EC0-301F-11D3-BF4B-00C04F79EFBC}") = "WebAppPortal.Tests", "WebAppPortal.Tests\WebAppPortal.Tests.csproj", "{6D16220D-6DAD-4C57-AC88-DC09E6F52B96}"
EndProject
Project("{2150E333-8FDC-42A3-9474-1A3956D46DE8}") = "CSharpFundamentals", "CSharpFundamentals", "{07ED50A0-948B-4581-A496-94F12BA8AFBE}"
EndProject
Project("{2150E333-8FDC-42A3-9474-1A3956D46DE8}") = "AdoptionPortal", "AdoptionPortal", "{6502E73D-2262-409A-8BC8-7F9C745FEEAC}"
EndProject
Project("{FAE04EC0-301F-11D3-BF4B-00C04F79EFBC}") = "AdoptionPortal.Console", "AdoptionPortal.Console\AdoptionPortal.Console.csproj", "{89F52667-0944-48F9-9776-E26F826EF964}"
EndProject
Project("{FAE04EC0-301F-11D3-BF4B-00C04F79EFBC}") = "AdoptionPortal.Models", "AdoptionPortal.Models\AdoptionPortal.Models.csproj", "{013E9C7F-BEB0-484A-8A0D-EA6755745837}"
EndProject
Project("{FAE04EC0-301F-11D3-BF4B-00C04F79EFBC}") = "AdoptionPortal.Services", "AdoptionPortal.Services\AdoptionPortal.Services.csproj", "{57CF6C99-9E9E-444A-9389-EC84D3FECEBC}"
EndProject
Global
	GlobalSection(SolutionConfigurationPlatforms) = preSolution
		Debug|Any CPU = Debug|Any CPU
		Release|Any CPU = Release|Any CPU
	EndGlobalSection
	GlobalSection(ProjectConfigurationPlatforms) = postSolution
		{DC9CEA05-7FB8-49EF-AF1B-70EECBCCA3B9}.Debug|Any CPU.ActiveCfg = Debug|Any CPU
		{DC9CEA05-7FB8-49EF-AF1B-70EECBCCA3B9}.Debug|Any CPU.Build.0 = Debug|Any CPU
		{DC9CEA05-7FB8-49EF-AF1B-70EECBCCA3B9}.Release|Any CPU.ActiveCfg = Release|Any CPU
		{DC9CEA05-7FB8-49EF-AF1B-70EECBCCA3B9}.Release|Any CPU.Build.0 = Release|Any CPU
		{E3323083-7DAD-45F3-9450-A466D439A7C3}.Debug|Any CPU.ActiveCfg = Debug|Any CPU
		{E3323083-7DAD-45F3-9450-A466D439A7C3}.Debug|Any CPU.Build.0 = Debug|Any CPU
		{E3323083-7DAD-45F3-9450-A466D439A7C3}.Release|Any CPU.ActiveCfg = Release|Any CPU
		{E3323083-7DAD-45F3-9450-A466D439A7C3}.Release|Any CPU.Build.0 = Release|Any CPU
		{03C83A13-6164-4A93-9392-1D3E345C0D0C}.Debug|Any CPU.ActiveCfg = Debug|Any CPU
		{03C83A13-6164-4A93-9392-1D3E345C0D0C}.Debug|Any CPU.Build.0 = Debug|Any CPU
		{03C83A13-6164-4A93-9392-1D3E345C0D0C}.Release|Any CPU.ActiveCfg = Release|Any CPU
		{03C83A13-6164-4A93-9392-1D3E345C0D0C}.Release|Any CPU.Build.0 = Release|Any CPU
		{405F39C8-06FB-4BF9-9BEE-C2595B818887}.Debug|Any CPU.ActiveCfg = Debug|Any CPU
		{405F39C8-06FB-4BF9-9BEE-C2595B818887}.Debug|Any CPU.Build.0 = Debug|Any CPU
		{405F39C8-06FB-4BF9-9BEE-C2595B818887}.Release|Any CPU.ActiveCfg = Release|Any CPU
		{405F39C8-06FB-4BF9-9BEE-C2595B818887}.Release|Any CPU.Build.0 = Release|Any CPU
		{3DA87C55-68EB-45C9-8166-88E7917BCC96}.Debug|Any CPU.ActiveCfg = Debug|Any CPU
		{3DA87C55-68EB-45C9-8166-88E7917BCC96}.Debug|Any CPU.Build.0 = Debug|Any CPU
		{3DA87C55-68EB-45C9-8166-88E7917BCC96}.Release|Any CPU.ActiveCfg = Release|Any CPU
		{3DA87C55-68EB-45C9-8166-88E7917BCC96}.Release|Any CPU.Build.0 = Release|Any CPU
		{8493FB30-F9A6-40EC-8BA5-6B41F93E93BB}.Debug|Any CPU.ActiveCfg = Debug|Any CPU
		{8493FB30-F9A6-40EC-8BA5-6B41F93E93BB}.Debug|Any CPU.Build.0 = Debug|Any CPU
		{8493FB30-F9A6-40EC-8BA5-6B41F93E93BB}.Release|Any CPU.ActiveCfg = Release|Any CPU
		{8493FB30-F9A6-40EC-8BA5-6B41F93E93BB}.Release|Any CPU.Build.0 = Release|Any CPU
		{25E602B0-09D0-4EAE-A374-FBDC670DB075}.Debug|Any CPU.ActiveCfg = Debug|Any CPU
		{25E602B0-09D0-4EAE-A374-FBDC670DB075}.Debug|Any CPU.Build.0 = Debug|Any CPU
		{25E602B0-09D0-4EAE-A374-FBDC670DB075}.Release|Any CPU.ActiveCfg = Release|Any CPU
		{25E602B0-09D0-4EAE-A374-FBDC670DB075}.Release|Any CPU.Build.0 = Release|Any CPU
		{AD158D33-EF1D-49C1-AD0F-88931B61F05D}.Debug|Any CPU.ActiveCfg = Debug|Any CPU
		{AD158D33-EF1D-49C1-AD0F-88931B61F05D}.Debug|Any CPU.Build.0 = Debug|Any CPU
		{AD158D33-EF1D-49C1-AD0F-88931B61F05D}.Release|Any CPU.ActiveCfg = Release|Any CPU
		{AD158D33-EF1D-49C1-AD0F-88931B61F05D}.Release|Any CPU.Build.0 = Release|Any CPU
		{8C7294B6-436D-4F65-B94C-EB615E651CE8}.Debug|Any CPU.ActiveCfg = Debug|Any CPU
		{8C7294B6-436D-4F65-B94C-EB615E651CE8}.Debug|Any CPU.Build.0 = Debug|Any CPU
		{8C7294B6-436D-4F65-B94C-EB615E651CE8}.Release|Any CPU.ActiveCfg = Release|Any CPU
		{8C7294B6-436D-4F65-B94C-EB615E651CE8}.Release|Any CPU.Build.0 = Release|Any CPU
		{6D16220D-6DAD-4C57-AC88-DC09E6F52B96}.Debug|Any CPU.ActiveCfg = Debug|Any CPU
		{6D16220D-6DAD-4C57-AC88-DC09E6F52B96}.Debug|Any CPU.Build.0 = Debug|Any CPU
		{6D16220D-6DAD-4C57-AC88-DC09E6F52B96}.Release|Any CPU.ActiveCfg = Release|Any CPU
		{6D16220D-6DAD-4C57-AC88-DC09E6F52B96}.Release|Any CPU.Build.0 = Release|Any CPU
		{89F52667-0944-48F9-9776-E26F826EF964}.Debug|Any CPU.ActiveCfg = Debug|Any CPU
		{89F52667-0944-48F9-9776-E26F826EF964}.Debug|Any CPU.Build.0 = Debug|Any CPU
		{89F52667-0944-48F9-9776-E26F826EF964}.Release|Any CPU.ActiveCfg = Release|Any CPU
		{89F52667-0944-48F9-9776-E26F826EF964}.Release|Any CPU.Build.0 = Release|Any CPU
		{013E9C7F-BEB0-484A-8A0D-EA6755745837}.Debug|Any CPU.ActiveCfg = Debug|Any CPU
		{013E9C7F-BEB0-484A-8A0D-EA6755745837}.Debug|Any CPU.Build.0 = Debug|Any CPU
		{013E9C7F-BEB0-484A-8A0D-EA6755745837}.Release|Any CPU.ActiveCfg = Release|Any CPU
		{013E9C7F-BEB0-484A-8A0D-EA6755745837}.Release|Any CPU.Build.0 = Release|Any CPU
		{57CF6C99-9E9E-444A-9389-EC84D3FECEBC}.Debug|Any CPU.ActiveCfg = Debug|Any CPU
		{57CF6C99-9E9E-444A-9389-EC84D3FECEBC}.Debug|Any CPU.Build.0 = Debug|Any CPU
		{57CF6C99-9E9E-444A-9389-EC84D3FECEBC}.Release|Any CPU.ActiveCfg = Release|Any CPU
		{57CF6C99-9E9E-444A-9389-EC84D3FECEBC}.Release|Any CPU.Build.0 = Release|Any CPU
	EndGlobalSection
	GlobalSection(SolutionProperties) = preSolution
		HideSolutionNode = FALSE
	EndGlobalSection
	GlobalSection(NestedProjects) = preSolution
		{E3323083-7DAD-45F3-9450-A466D439A7C3} = {A7E572E6-2FD3-4D52-BF25-8E1F08BE010A}
		{03C83A13-6164-4A93-9392-1D3E345C0D0C} = {32D1743E-1643-4C39-BF9C-488CD274BEC4}
		{32D1743E-1643-4C39-BF9C-488CD274BEC4} = {02EA681E-C7D8-13C7-8484-4AC65E1B71E8}
		{A7E572E6-2FD3-4D52-BF25-8E1F08BE010A} = {02EA681E-C7D8-13C7-8484-4AC65E1B71E8}
		{E95C1999-F061-4166-B144-F9ADFED3DAFF} = {32D1743E-1643-4C39-BF9C-488CD274BEC4}
		{B5283C80-19BF-42FC-8DBE-E8C51721197B} = {32D1743E-1643-4C39-BF9C-488CD274BEC4}
		{35CFD2A6-AC2B-4216-805C-3E3F525C1933} = {32D1743E-1643-4C39-BF9C-488CD274BEC4}
		{405F39C8-06FB-4BF9-9BEE-C2595B818887} = {35CFD2A6-AC2B-4216-805C-3E3F525C1933}
		{3DA87C55-68EB-45C9-8166-88E7917BCC96} = {B5283C80-19BF-42FC-8DBE-E8C51721197B}
		{8493FB30-F9A6-40EC-8BA5-6B41F93E93BB} = {B5283C80-19BF-42FC-8DBE-E8C51721197B}
		{25E602B0-09D0-4EAE-A374-FBDC670DB075} = {E95C1999-F061-4166-B144-F9ADFED3DAFF}
		{490EEC21-EEE3-42DD-9BC3-8A8EEB1D6C18} = {A7E572E6-2FD3-4D52-BF25-8E1F08BE010A}
		{AD158D33-EF1D-49C1-AD0F-88931B61F05D} = {490EEC21-EEE3-42DD-9BC3-8A8EEB1D6C18}
		{12A9CDC8-3262-4273-BFC0-8DB9911DC3A4} = {A7E572E6-2FD3-4D52-BF25-8E1F08BE010A}
		{8C7294B6-436D-4F65-B94C-EB615E651CE8} = {12A9CDC8-3262-4273-BFC0-8DB9911DC3A4}
		{CC19DDDA-F0F2-43C9-A410-5CD89525290D} = {32D1743E-1643-4C39-BF9C-488CD274BEC4}
		{6D16220D-6DAD-4C57-AC88-DC09E6F52B96} = {CC19DDDA-F0F2-43C9-A410-5CD89525290D}
		{6502E73D-2262-409A-8BC8-7F9C745FEEAC} = {07ED50A0-948B-4581-A496-94F12BA8AFBE}
		{89F52667-0944-48F9-9776-E26F826EF964} = {6502E73D-2262-409A-8BC8-7F9C745FEEAC}
		{013E9C7F-BEB0-484A-8A0D-EA6755745837} = {6502E73D-2262-409A-8BC8-7F9C745FEEAC}
		{57CF6C99-9E9E-444A-9389-EC84D3FECEBC} = {6502E73D-2262-409A-8BC8-7F9C745FEEAC}
	EndGlobalSection
	GlobalSection(ExtensibilityGlobals) = postSolution
		SolutionGuid = {CC4692C3-50AA-420B-AA0C-8BBA477B3EA8}
	EndGlobalSection
EndGlobal
